// !$*UTF8*$!
{
	archiveVersion = 1;
	classes = {
	};
	objectVersion = 50;
	objects = {

/* Begin PBXBuildFile section */
		182F3B5E25CA1D65000218B9 /* AppDelegate.swift in Sources */ = {isa = PBXBuildFile; fileRef = 182F3B5D25CA1D65000218B9 /* AppDelegate.swift */; };
		182F3B6025CA1D65000218B9 /* SceneDelegate.swift in Sources */ = {isa = PBXBuildFile; fileRef = 182F3B5F25CA1D65000218B9 /* SceneDelegate.swift */; };
		182F3B6225CA1D65000218B9 /* ViewController.swift in Sources */ = {isa = PBXBuildFile; fileRef = 182F3B6125CA1D65000218B9 /* ViewController.swift */; };
		182F3B6525CA1D65000218B9 /* Main.storyboard in Resources */ = {isa = PBXBuildFile; fileRef = 182F3B6325CA1D65000218B9 /* Main.storyboard */; };
		182F3B6725CA1D68000218B9 /* Assets.xcassets in Resources */ = {isa = PBXBuildFile; fileRef = 182F3B6625CA1D68000218B9 /* Assets.xcassets */; };
		182F3B6A25CA1D68000218B9 /* LaunchScreen.storyboard in Resources */ = {isa = PBXBuildFile; fileRef = 182F3B6825CA1D68000218B9 /* LaunchScreen.storyboard */; };
		182F3B7825CA3B3D000218B9 /* Medals.swift in Sources */ = {isa = PBXBuildFile; fileRef = 182F3B7725CA3B3D000218B9 /* Medals.swift */; };
		182F3B7B25CAF3E2000218B9 /* MedalShowcaseViewController.swift in Sources */ = {isa = PBXBuildFile; fileRef = 182F3B7A25CAF3E2000218B9 /* MedalShowcaseViewController.swift */; };
		182F3B7E25CAF75E000218B9 /* CustomMedalCollectionCell.swift in Sources */ = {isa = PBXBuildFile; fileRef = 182F3B7D25CAF75E000218B9 /* CustomMedalCollectionCell.swift */; };
		182F3B8625CB2021000218B9 /* SectionHeaderView.swift in Sources */ = {isa = PBXBuildFile; fileRef = 182F3B8525CB2021000218B9 /* SectionHeaderView.swift */; };
/* End PBXBuildFile section */

/* Begin PBXFileReference section */
		182F3B5A25CA1D65000218B9 /* Runner.app */ = {isa = PBXFileReference; explicitFileType = wrapper.application; includeInIndex = 0; path = Runner.app; sourceTree = BUILT_PRODUCTS_DIR; };
		182F3B5D25CA1D65000218B9 /* AppDelegate.swift */ = {isa = PBXFileReference; lastKnownFileType = sourcecode.swift; path = AppDelegate.swift; sourceTree = "<group>"; };
		182F3B5F25CA1D65000218B9 /* SceneDelegate.swift */ = {isa = PBXFileReference; lastKnownFileType = sourcecode.swift; path = SceneDelegate.swift; sourceTree = "<group>"; };
		182F3B6125CA1D65000218B9 /* ViewController.swift */ = {isa = PBXFileReference; lastKnownFileType = sourcecode.swift; path = ViewController.swift; sourceTree = "<group>"; };
		182F3B6425CA1D65000218B9 /* Base */ = {isa = PBXFileReference; lastKnownFileType = file.storyboard; name = Base; path = Base.lproj/Main.storyboard; sourceTree = "<group>"; };
		182F3B6625CA1D68000218B9 /* Assets.xcassets */ = {isa = PBXFileReference; lastKnownFileType = folder.assetcatalog; path = Assets.xcassets; sourceTree = "<group>"; };
		182F3B6925CA1D68000218B9 /* Base */ = {isa = PBXFileReference; lastKnownFileType = file.storyboard; name = Base; path = Base.lproj/LaunchScreen.storyboard; sourceTree = "<group>"; };
		182F3B6B25CA1D68000218B9 /* Info.plist */ = {isa = PBXFileReference; lastKnownFileType = text.plist.xml; path = Info.plist; sourceTree = "<group>"; };
		182F3B7725CA3B3D000218B9 /* Medals.swift */ = {isa = PBXFileReference; lastKnownFileType = sourcecode.swift; path = Medals.swift; sourceTree = "<group>"; };
		182F3B7A25CAF3E2000218B9 /* MedalShowcaseViewController.swift */ = {isa = PBXFileReference; lastKnownFileType = sourcecode.swift; path = MedalShowcaseViewController.swift; sourceTree = "<group>"; };
		182F3B7D25CAF75E000218B9 /* CustomMedalCollectionCell.swift */ = {isa = PBXFileReference; lastKnownFileType = sourcecode.swift; path = CustomMedalCollectionCell.swift; sourceTree = "<group>"; };
		182F3B8525CB2021000218B9 /* SectionHeaderView.swift */ = {isa = PBXFileReference; lastKnownFileType = sourcecode.swift; path = SectionHeaderView.swift; sourceTree = "<group>"; };
/* End PBXFileReference section */

/* Begin PBXFrameworksBuildPhase section */
		182F3B5725CA1D65000218B9 /* Frameworks */ = {
			isa = PBXFrameworksBuildPhase;
			buildActionMask = 2147483647;
			files = (
			);
			runOnlyForDeploymentPostprocessing = 0;
		};
/* End PBXFrameworksBuildPhase section */

/* Begin PBXGroup section */
		182F3B5125CA1D65000218B9 = {
			isa = PBXGroup;
			children = (
				182F3B5C25CA1D65000218B9 /* Runner */,
				182F3B5B25CA1D65000218B9 /* Products */,
			);
			sourceTree = "<group>";
		};
		182F3B5B25CA1D65000218B9 /* Products */ = {
			isa = PBXGroup;
			children = (
				182F3B5A25CA1D65000218B9 /* Runner.app */,
			);
			name = Products;
			sourceTree = "<group>";
		};
		182F3B5C25CA1D65000218B9 /* Runner */ = {
			isa = PBXGroup;
			children = (
				182F3B7225CA3AE4000218B9 /* Resources */,
				182F3B7625CA3B0F000218B9 /* Model */,
				182F3B7525CA3B06000218B9 /* Views */,
				182F3B7425CA3AF0000218B9 /* Controller */,
				182F3B6B25CA1D68000218B9 /* Info.plist */,
			);
			path = Runner;
			sourceTree = "<group>";
		};
		182F3B7225CA3AE4000218B9 /* Resources */ = {
			isa = PBXGroup;
			children = (
				182F3B6625CA1D68000218B9 /* Assets.xcassets */,
				182F3B5D25CA1D65000218B9 /* AppDelegate.swift */,
				182F3B5F25CA1D65000218B9 /* SceneDelegate.swift */,
			);
			path = Resources;
			sourceTree = "<group>";
		};
		182F3B7425CA3AF0000218B9 /* Controller */ = {
			isa = PBXGroup;
			children = (
				182F3B6125CA1D65000218B9 /* ViewController.swift */,
				182F3B7A25CAF3E2000218B9 /* MedalShowcaseViewController.swift */,
			);
			path = Controller;
			sourceTree = "<group>";
		};
		182F3B7525CA3B06000218B9 /* Views */ = {
			isa = PBXGroup;
			children = (
				182F3B7D25CAF75E000218B9 /* CustomMedalCollectionCell.swift */,
				182F3B8525CB2021000218B9 /* SectionHeaderView.swift */,
				182F3B8025CB1FB4000218B9 /* Storyboards */,
			);
			path = Views;
			sourceTree = "<group>";
		};
		182F3B7625CA3B0F000218B9 /* Model */ = {
			isa = PBXGroup;
			children = (
				182F3B7725CA3B3D000218B9 /* Medals.swift */,
			);
			path = Model;
			sourceTree = "<group>";
		};
		182F3B8025CB1FB4000218B9 /* Storyboards */ = {
			isa = PBXGroup;
			children = (
				182F3B6325CA1D65000218B9 /* Main.storyboard */,
				182F3B6825CA1D68000218B9 /* LaunchScreen.storyboard */,
			);
			path = Storyboards;
			sourceTree = "<group>";
		};
/* End PBXGroup section */

/* Begin PBXNativeTarget section */
		182F3B5925CA1D65000218B9 /* Runner */ = {
			isa = PBXNativeTarget;
			buildConfigurationList = 182F3B6E25CA1D68000218B9 /* Build configuration list for PBXNativeTarget "Runner" */;
			buildPhases = (
				182F3B5625CA1D65000218B9 /* Sources */,
				182F3B5725CA1D65000218B9 /* Frameworks */,
				182F3B5825CA1D65000218B9 /* Resources */,
			);
			buildRules = (
			);
			dependencies = (
			);
			name = Runner;
			productName = Runner;
			productReference = 182F3B5A25CA1D65000218B9 /* Runner.app */;
			productType = "com.apple.product-type.application";
		};
/* End PBXNativeTarget section */

/* Begin PBXProject section */
		182F3B5225CA1D65000218B9 /* Project object */ = {
			isa = PBXProject;
			attributes = {
				LastSwiftUpdateCheck = 1230;
				LastUpgradeCheck = 1230;
				TargetAttributes = {
					182F3B5925CA1D65000218B9 = {
						CreatedOnToolsVersion = 12.3;
					};
				};
			};
			buildConfigurationList = 182F3B5525CA1D65000218B9 /* Build configuration list for PBXProject "Runner" */;
			compatibilityVersion = "Xcode 9.3";
			developmentRegion = en;
			hasScannedForEncodings = 0;
			knownRegions = (
				en,
				Base,
			);
			mainGroup = 182F3B5125CA1D65000218B9;
			productRefGroup = 182F3B5B25CA1D65000218B9 /* Products */;
			projectDirPath = "";
			projectRoot = "";
			targets = (
				182F3B5925CA1D65000218B9 /* Runner */,
			);
		};
/* End PBXProject section */

/* Begin PBXResourcesBuildPhase section */
		182F3B5825CA1D65000218B9 /* Resources */ = {
			isa = PBXResourcesBuildPhase;
			buildActionMask = 2147483647;
			files = (
				182F3B6A25CA1D68000218B9 /* LaunchScreen.storyboard in Resources */,
				182F3B6725CA1D68000218B9 /* Assets.xcassets in Resources */,
				182F3B6525CA1D65000218B9 /* Main.storyboard in Resources */,
			);
			runOnlyForDeploymentPostprocessing = 0;
		};
/* End PBXResourcesBuildPhase section */

/* Begin PBXSourcesBuildPhase section */
		182F3B5625CA1D65000218B9 /* Sources */ = {
			isa = PBXSourcesBuildPhase;
			buildActionMask = 2147483647;
			files = (
				182F3B7E25CAF75E000218B9 /* CustomMedalCollectionCell.swift in Sources */,
				182F3B6225CA1D65000218B9 /* ViewController.swift in Sources */,
				182F3B7825CA3B3D000218B9 /* Medals.swift in Sources */,
				182F3B5E25CA1D65000218B9 /* AppDelegate.swift in Sources */,
				182F3B8625CB2021000218B9 /* SectionHeaderView.swift in Sources */,
				182F3B6025CA1D65000218B9 /* SceneDelegate.swift in Sources */,
				182F3B7B25CAF3E2000218B9 /* MedalShowcaseViewController.swift in Sources */,
			);
			runOnlyForDeploymentPostprocessing = 0;
		};
/* End PBXSourcesBuildPhase section */

/* Begin PBXVariantGroup section */
		182F3B6325CA1D65000218B9 /* Main.storyboard */ = {
			isa = PBXVariantGroup;
			children = (
				182F3B6425CA1D65000218B9 /* Base */,
			);
			name = Main.storyboard;
			sourceTree = "<group>";
		};
		182F3B6825CA1D68000218B9 /* LaunchScreen.storyboard */ = {
			isa = PBXVariantGroup;
			children = (
				182F3B6925CA1D68000218B9 /* Base */,
			);
			name = LaunchScreen.storyboard;
			sourceTree = "<group>";
		};
/* End PBXVariantGroup section */

/* Begin XCBuildConfiguration section */
		182F3B6C25CA1D68000218B9 /* Debug */ = {
			isa = XCBuildConfiguration;
			buildSettings = {
				ALWAYS_SEARCH_USER_PATHS = NO;
				CLANG_ANALYZER_NONNULL = YES;
				CLANG_ANALYZER_NUMBER_OBJECT_CONVERSION = YES_AGGRESSIVE;
				CLANG_CXX_LANGUAGE_STANDARD = "gnu++14";
				CLANG_CXX_LIBRARY = "libc++";
				CLANG_ENABLE_MODULES = YES;
				CLANG_ENABLE_OBJC_ARC = YES;
				CLANG_ENABLE_OBJC_WEAK = YES;
				CLANG_WARN_BLOCK_CAPTURE_AUTORELEASING = YES;
				CLANG_WARN_BOOL_CONVERSION = YES;
				CLANG_WARN_COMMA = YES;
				CLANG_WARN_CONSTANT_CONVERSION = YES;
				CLANG_WARN_DEPRECATED_OBJC_IMPLEMENTATIONS = YES;
				CLANG_WARN_DIRECT_OBJC_ISA_USAGE = YES_ERROR;
				CLANG_WARN_DOCUMENTATION_COMMENTS = YES;
				CLANG_WARN_EMPTY_BODY = YES;
				CLANG_WARN_ENUM_CONVERSION = YES;
				CLANG_WARN_INFINITE_RECURSION = YES;
				CLANG_WARN_INT_CONVERSION = YES;
				CLANG_WARN_NON_LITERAL_NULL_CONVERSION = YES;
				CLANG_WARN_OBJC_IMPLICIT_RETAIN_SELF = YES;
				CLANG_WARN_OBJC_LITERAL_CONVERSION = YES;
				CLANG_WARN_OBJC_ROOT_CLASS = YES_ERROR;
				CLANG_WARN_QUOTED_INCLUDE_IN_FRAMEWORK_HEADER = YES;
				CLANG_WARN_RANGE_LOOP_ANALYSIS = YES;
				CLANG_WARN_STRICT_PROTOTYPES = YES;
				CLANG_WARN_SUSPICIOUS_MOVE = YES;
				CLANG_WARN_UNGUARDED_AVAILABILITY = YES_AGGRESSIVE;
				CLANG_WARN_UNREACHABLE_CODE = YES;
				CLANG_WARN__DUPLICATE_METHOD_MATCH = YES;
				COPY_PHASE_STRIP = NO;
				DEBUG_INFORMATION_FORMAT = dwarf;
				ENABLE_STRICT_OBJC_MSGSEND = YES;
				ENABLE_TESTABILITY = YES;
				GCC_C_LANGUAGE_STANDARD = gnu11;
				GCC_DYNAMIC_NO_PIC = NO;
				GCC_NO_COMMON_BLOCKS = YES;
				GCC_OPTIMIZATION_LEVEL = 0;
				GCC_PREPROCESSOR_DEFINITIONS = (
					"DEBUG=1",
					"$(inherited)",
				);
				GCC_WARN_64_TO_32_BIT_CONVERSION = YES;
				GCC_WARN_ABOUT_RETURN_TYPE = YES_ERROR;
				GCC_WARN_UNDECLARED_SELECTOR = YES;
				GCC_WARN_UNINITIALIZED_AUTOS = YES_AGGRESSIVE;
				GCC_WARN_UNUSED_FUNCTION = YES;
				GCC_WARN_UNUSED_VARIABLE = YES;
				IPHONEOS_DEPLOYMENT_TARGET = 14.3;
				MTL_ENABLE_DEBUG_INFO = INCLUDE_SOURCE;
				MTL_FAST_MATH = YES;
				ONLY_ACTIVE_ARCH = YES;
				SDKROOT = iphoneos;
				SWIFT_ACTIVE_COMPILATION_CONDITIONS = DEBUG;
				SWIFT_OPTIMIZATION_LEVEL = "-Onone";
			};
			name = Debug;
		};
		182F3B6D25CA1D68000218B9 /* Release */ = {
			isa = XCBuildConfiguration;
			buildSettings = {
				ALWAYS_SEARCH_USER_PATHS = NO;
				CLANG_ANALYZER_NONNULL = YES;
				CLANG_ANALYZER_NUMBER_OBJECT_CONVERSION = YES_AGGRESSIVE;
				CLANG_CXX_LANGUAGE_STANDARD = "gnu++14";
				CLANG_CXX_LIBRARY = "libc++";
				CLANG_ENABLE_MODULES = YES;
				CLANG_ENABLE_OBJC_ARC = YES;
				CLANG_ENABLE_OBJC_WEAK = YES;
				CLANG_WARN_BLOCK_CAPTURE_AUTORELEASING = YES;
				CLANG_WARN_BOOL_CONVERSION = YES;
				CLANG_WARN_COMMA = YES;
				CLANG_WARN_CONSTANT_CONVERSION = YES;
				CLANG_WARN_DEPRECATED_OBJC_IMPLEMENTATIONS = YES;
				CLANG_WARN_DIRECT_OBJC_ISA_USAGE = YES_ERROR;
				CLANG_WARN_DOCUMENTATION_COMMENTS = YES;
				CLANG_WARN_EMPTY_BODY = YES;
				CLANG_WARN_ENUM_CONVERSION = YES;
				CLANG_WARN_INFINITE_RECURSION = YES;
				CLANG_WARN_INT_CONVERSION = YES;
				CLANG_WARN_NON_LITERAL_NULL_CONVERSION = YES;
				CLANG_WARN_OBJC_IMPLICIT_RETAIN_SELF = YES;
				CLANG_WARN_OBJC_LITERAL_CONVERSION = YES;
				CLANG_WARN_OBJC_ROOT_CLASS = YES_ERROR;
				CLANG_WARN_QUOTED_INCLUDE_IN_FRAMEWORK_HEADER = YES;
				CLANG_WARN_RANGE_LOOP_ANALYSIS = YES;
				CLANG_WARN_STRICT_PROTOTYPES = YES;
				CLANG_WARN_SUSPICIOUS_MOVE = YES;
				CLANG_WARN_UNGUARDED_AVAILABILITY = YES_AGGRESSIVE;
				CLANG_WARN_UNREACHABLE_CODE = YES;
				CLANG_WARN__DUPLICATE_METHOD_MATCH = YES;
				COPY_PHASE_STRIP = NO;
				DEBUG_INFORMATION_FORMAT = "dwarf-with-dsym";
				ENABLE_NS_ASSERTIONS = NO;
				ENABLE_STRICT_OBJC_MSGSEND = YES;
				GCC_C_LANGUAGE_STANDARD = gnu11;
				GCC_NO_COMMON_BLOCKS = YES;
				GCC_WARN_64_TO_32_BIT_CONVERSION = YES;
				GCC_WARN_ABOUT_RETURN_TYPE = YES_ERROR;
				GCC_WARN_UNDECLARED_SELECTOR = YES;
				GCC_WARN_UNINITIALIZED_AUTOS = YES_AGGRESSIVE;
				GCC_WARN_UNUSED_FUNCTION = YES;
				GCC_WARN_UNUSED_VARIABLE = YES;
				IPHONEOS_DEPLOYMENT_TARGET = 14.3;
				MTL_ENABLE_DEBUG_INFO = NO;
				MTL_FAST_MATH = YES;
				SDKROOT = iphoneos;
				SWIFT_COMPILATION_MODE = wholemodule;
				SWIFT_OPTIMIZATION_LEVEL = "-O";
				VALIDATE_PRODUCT = YES;
			};
			name = Release;
		};
		182F3B6F25CA1D68000218B9 /* Debug */ = {
			isa = XCBuildConfiguration;
			buildSettings = {
				ASSETCATALOG_COMPILER_APPICON_NAME = AppIcon;
				ASSETCATALOG_COMPILER_GLOBAL_ACCENT_COLOR_NAME = AccentColor;
				CODE_SIGN_STYLE = Automatic;
				INFOPLIST_FILE = Runner/Info.plist;
				LD_RUNPATH_SEARCH_PATHS = (
					"$(inherited)",
					"@executable_path/Frameworks",
				);
				PRODUCT_BUNDLE_IDENTIFIER = com.varun.Runner;
				PRODUCT_NAME = "$(TARGET_NAME)";
				SWIFT_VERSION = 5.0;
				TARGETED_DEVICE_FAMILY = "1,2";
			};
			name = Debug;
		};
		182F3B7025CA1D68000218B9 /* Release */ = {
			isa = XCBuildConfiguration;
			buildSettings = {
				ASSETCATALOG_COMPILER_APPICON_NAME = AppIcon;
				ASSETCATALOG_COMPILER_GLOBAL_ACCENT_COLOR_NAME = AccentColor;
				CODE_SIGN_STYLE = Automatic;
				INFOPLIST_FILE = Runner/Info.plist;
				LD_RUNPATH_SEARCH_PATHS = (
					"$(inherited)",
					"@executable_path/Frameworks",
				);
				PRODUCT_BUNDLE_IDENTIFIER = com.varun.Runner;
				PRODUCT_NAME = "$(TARGET_NAME)";
				SWIFT_VERSION = 5.0;
				TARGETED_DEVICE_FAMILY = "1,2";
			};
			name = Release;
		};
/* End XCBuildConfiguration section */

/* Begin XCConfigurationList section */
		182F3B5525CA1D65000218B9 /* Build configuration list for PBXProject "Runner" */ = {
			isa = XCConfigurationList;
			buildConfigurations = (
				182F3B6C25CA1D68000218B9 /* Debug */,
				182F3B6D25CA1D68000218B9 /* Release */,
			);
			defaultConfigurationIsVisible = 0;
			defaultConfigurationName = Release;
		};
		182F3B6E25CA1D68000218B9 /* Build configuration list for PBXNativeTarget "Runner" */ = {
			isa = XCConfigurationList;
			buildConfigurations = (
				182F3B6F25CA1D68000218B9 /* Debug */,
				182F3B7025CA1D68000218B9 /* Release */,
			);
			defaultConfigurationIsVisible = 0;
			defaultConfigurationName = Release;
		};
/* End XCConfigurationList section */
	};
	rootObject = 182F3B5225CA1D65000218B9 /* Project object */;
}
